// !$*UTF8*$!
{
	archiveVersion = 1;
	classes = {
	};
	objectVersion = 46;
	objects = {

/* Begin PBXFileReference section */
		8646C45E169C429A00D75A0B /* Makefile */ = {isa = PBXFileReference; fileEncoding = 4; lastKnownFileType = sourcecode.make; path = Makefile; sourceTree = "<group>"; };
		8646C460169C429A00D75A0B /* NBCCommon.nxc */ = {isa = PBXFileReference; fileEncoding = 4; lastKnownFileType = text; path = NBCCommon.nxc; sourceTree = "<group>"; };
		8646C461169C429A00D75A0B /* TriBot.nxc */ = {isa = PBXFileReference; fileEncoding = 4; lastKnownFileType = text; path = TriBot.nxc; sourceTree = "<group>"; xcLanguageSpecificationIdentifier = xcode.lang.c; };
/* End PBXFileReference section */

/* Begin PBXGroup section */
		8646C451169C424E00D75A0B = {
			isa = PBXGroup;
			children = (
				8646C45E169C429A00D75A0B /* Makefile */,
				8646C45F169C429A00D75A0B /* source */,
			);
			sourceTree = "<group>";
		};
		8646C45F169C429A00D75A0B /* source */ = {
			isa = PBXGroup;
			children = (
				8646C460169C429A00D75A0B /* NBCCommon.nxc */,
				8646C461169C429A00D75A0B /* TriBot.nxc */,
			);
			path = source;
			sourceTree = "<group>";
		};
/* End PBXGroup section */

/* Begin PBXLegacyTarget section */
		8646C458169C424E00D75A0B /* Tribot */ = {
			isa = PBXLegacyTarget;
			buildArgumentsString = "$(ACTION)";
			buildConfigurationList = 8646C45B169C424E00D75A0B /* Build configuration list for PBXLegacyTarget "Tribot" */;
			buildPhases = (
			);
			buildToolPath = /usr/bin/make;
			dependencies = (
			);
			name = Tribot;
			passBuildSettingsInEnvironment = 1;
			productName = Tribot;
		};
		86D192D6169C484A00FFA613 /* deploy */ = {
			isa = PBXLegacyTarget;
			buildArgumentsString = deploy;
			buildConfigurationList = 86D192D9169C484A00FFA613 /* Build configuration list for PBXLegacyTarget "deploy" */;
			buildPhases = (
			);
			buildToolPath = /usr/bin/make;
			buildWorkingDirectory = "";
			dependencies = (
			);
			name = deploy;
			passBuildSettingsInEnvironment = 1;
			productName = deploy;
		};
/* End PBXLegacyTarget section */

/* Begin PBXProject section */
		8646C453169C424E00D75A0B /* Project object */ = {
			isa = PBXProject;
			buildConfigurationList = 8646C456169C424E00D75A0B /* Build configuration list for PBXProject "Tribot" */;
			compatibilityVersion = "Xcode 3.2";
			developmentRegion = English;
			hasScannedForEncodings = 0;
			knownRegions = (
				en,
			);
			mainGroup = 8646C451169C424E00D75A0B;
			projectDirPath = "";
			projectRoot = "";
			targets = (
				8646C458169C424E00D75A0B /* Tribot */,
				86D192D6169C484A00FFA613 /* deploy */,
			);
		};
/* End PBXProject section */

/* Begin XCBuildConfiguration section */
		8646C459169C424E00D75A0B /* Debug */ = {
			isa = XCBuildConfiguration;
			buildSettings = {
				ALWAYS_SEARCH_USER_PATHS = NO;
				ARCHS = "$(ARCHS_STANDARD_64_BIT)";
				COPY_PHASE_STRIP = NO;
				GCC_C_LANGUAGE_STANDARD = gnu99;
				GCC_DYNAMIC_NO_PIC = NO;
				GCC_ENABLE_OBJC_EXCEPTIONS = YES;
				GCC_OPTIMIZATION_LEVEL = 0;
				GCC_PREPROCESSOR_DEFINITIONS = (
					"DEBUG=1",
					"$(inherited)",
				);
				GCC_SYMBOLS_PRIVATE_EXTERN = NO;
				GCC_VERSION = com.apple.compilers.llvm.clang.1_0;
				GCC_WARN_64_TO_32_BIT_CONVERSION = YES;
				GCC_WARN_ABOUT_MISSING_PROTOTYPES = YES;
				GCC_WARN_ABOUT_RETURN_TYPE = YES;
				GCC_WARN_UNUSED_VARIABLE = YES;
				MACOSX_DEPLOYMENT_TARGET = 10.7;
				ONLY_ACTIVE_ARCH = YES;
				SDKROOT = macosx;
			};
			name = Debug;
		};
		8646C45A169C424E00D75A0B /* Release */ = {
			isa = XCBuildConfiguration;
			buildSettings = {
				ALWAYS_SEARCH_USER_PATHS = NO;
				ARCHS = "$(ARCHS_STANDARD_64_BIT)";
				COPY_PHASE_STRIP = YES;
				DEBUG_INFORMATION_FORMAT = "dwarf-with-dsym";
				GCC_C_LANGUAGE_STANDARD = gnu99;
				GCC_ENABLE_OBJC_EXCEPTIONS = YES;
				GCC_VERSION = com.apple.compilers.llvm.clang.1_0;
				GCC_WARN_64_TO_32_BIT_CONVERSION = YES;
				GCC_WARN_ABOUT_MISSING_PROTOTYPES = YES;
				GCC_WARN_ABOUT_RETURN_TYPE = YES;
				GCC_WARN_UNUSED_VARIABLE = YES;
				MACOSX_DEPLOYMENT_TARGET = 10.7;
				SDKROOT = macosx;
			};
			name = Release;
		};
		8646C45C169C424E00D75A0B /* Debug */ = {
			isa = XCBuildConfiguration;
			buildSettings = {
				DEBUGGING_SYMBOLS = YES;
				GCC_GENERATE_DEBUGGING_SYMBOLS = YES;
				GCC_OPTIMIZATION_LEVEL = 0;
				OTHER_CFLAGS = "";
				OTHER_LDFLAGS = "";
				PRODUCT_NAME = "$(TARGET_NAME)";
			};
			name = Debug;
		};
		8646C45D169C424E00D75A0B /* Release */ = {
			isa = XCBuildConfiguration;
			buildSettings = {
				OTHER_CFLAGS = "";
				OTHER_LDFLAGS = "";
				PRODUCT_NAME = "$(TARGET_NAME)";
			};
			name = Release;
		};
		86D192D7169C484A00FFA613 /* Debug */ = {
			isa = XCBuildConfiguration;
			buildSettings = {
				DEBUGGING_SYMBOLS = YES;
				GCC_GENERATE_DEBUGGING_SYMBOLS = YES;
				GCC_OPTIMIZATION_LEVEL = 0;
				OTHER_CFLAGS = "";
				OTHER_LDFLAGS = "";
				PRODUCT_NAME = "$(TARGET_NAME)";
			};
			name = Debug;
		};
		86D192D8169C484A00FFA613 /* Release */ = {
			isa = XCBuildConfiguration;
			buildSettings = {
				OTHER_CFLAGS = "";
				OTHER_LDFLAGS = "";
				PRODUCT_NAME = "$(TARGET_NAME)";
			};
			name = Release;
		};
/* End XCBuildConfiguration section */

/* Begin XCConfigurationList section */
		8646C456169C424E00D75A0B /* Build configuration list for PBXProject "Tribot" */ = {
			isa = XCConfigurationList;
			buildConfigurations = (
				8646C459169C424E00D75A0B /* Debug */,
				8646C45A169C424E00D75A0B /* Release */,
			);
			defaultConfigurationIsVisible = 0;
			defaultConfigurationName = Release;
		};
		8646C45B169C424E00D75A0B /* Build configuration list for PBXLegacyTarget "Tribot" */ = {
			isa = XCConfigurationList;
			buildConfigurations = (
				8646C45C169C424E00D75A0B /* Debug */,
				8646C45D169C424E00D75A0B /* Release */,
			);
			defaultConfigurationIsVisible = 0;
			defaultConfigurationName = Release;
		};
		86D192D9169C484A00FFA613 /* Build configuration list for PBXLegacyTarget "deploy" */ = {
			isa = XCConfigurationList;
			buildConfigurations = (
				86D192D7169C484A00FFA613 /* Debug */,
				86D192D8169C484A00FFA613 /* Release */,
			);
			defaultConfigurationIsVisible = 0;
		};
/* End XCConfigurationList section */
	};
	rootObject = 8646C453169C424E00D75A0B /* Project object */;
}
